
Microsoft Visual Studio Solution File, Format Version 10.00
# Visual Studio 2008
Project("{FAE04EC0-301F-11D3-BF4B-00C04F79EFBC}") = "AuthoWriteWeb", "AuthoWriteWeb\AuthoWriteWeb.csproj", "{BA038883-651E-4E8A-8727-5BF9720F5F27}"
EndProject
Project("{FAE04EC0-301F-11D3-BF4B-00C04F79EFBC}") = "AuthoWriteWebTests", "AuthoWriteWebTests\AuthoWriteWebTests.csproj", "{C2C1C6A6-7034-493E-9940-8A118659463A}"
EndProject
Project("{2150E333-8FDC-42A3-9474-1A3956D46DE8}") = "Solution Items", "Solution Items", "{081CB845-0489-4C89-AB2E-72F3E3EC2F59}"
	ProjectSection(SolutionItems) = preProject
		AuthoWriteWeb\bin\AjaxControlToolkit.dll = AuthoWriteWeb\bin\AjaxControlToolkit.dll
		AuthoWriteWeb.vsmdi = AuthoWriteWeb.vsmdi
		LocalTestRun.testrunconfig = LocalTestRun.testrunconfig
		AuthoWriteWeb\bin\RichTextEditor.dll = AuthoWriteWeb\bin\RichTextEditor.dll
	EndProjectSection
EndProject
Project("{FAE04EC0-301F-11D3-BF4B-00C04F79EFBC}") = "RichTextEditor", "..\RichTextEditor\RichTextEditor.csproj", "{D0166C2E-AAD3-4EB5-8F30-F7F0C83640D6}"
EndProject
Project("{FAE04EC0-301F-11D3-BF4B-00C04F79EFBC}") = "AjaxControlToolkit", "..\AjaxControlToolkit\AjaxControlToolkit.csproj", "{B3B89160-3224-476E-9076-70B500C816CF}"
EndProject
Global
	GlobalSection(SubversionScc) = preSolution
		Svn-Managed = True
		Manager = AnkhSVN - Subversion Support for Visual Studio
	EndGlobalSection
	GlobalSection(SolutionConfigurationPlatforms) = preSolution
		Debug|Any CPU = Debug|Any CPU
		Release|Any CPU = Release|Any CPU
	EndGlobalSection
	GlobalSection(ProjectConfigurationPlatforms) = postSolution
		{BA038883-651E-4E8A-8727-5BF9720F5F27}.Debug|Any CPU.ActiveCfg = Debug|Any CPU
		{BA038883-651E-4E8A-8727-5BF9720F5F27}.Debug|Any CPU.Build.0 = Debug|Any CPU
		{BA038883-651E-4E8A-8727-5BF9720F5F27}.Release|Any CPU.ActiveCfg = Release|Any CPU
		{BA038883-651E-4E8A-8727-5BF9720F5F27}.Release|Any CPU.Build.0 = Release|Any CPU
		{C2C1C6A6-7034-493E-9940-8A118659463A}.Debug|Any CPU.ActiveCfg = Debug|Any CPU
		{C2C1C6A6-7034-493E-9940-8A118659463A}.Debug|Any CPU.Build.0 = Debug|Any CPU
		{C2C1C6A6-7034-493E-9940-8A118659463A}.Release|Any CPU.ActiveCfg = Release|Any CPU
		{C2C1C6A6-7034-493E-9940-8A118659463A}.Release|Any CPU.Build.0 = Release|Any CPU
		{D0166C2E-AAD3-4EB5-8F30-F7F0C83640D6}.Debug|Any CPU.ActiveCfg = Debug|Any CPU
		{D0166C2E-AAD3-4EB5-8F30-F7F0C83640D6}.Debug|Any CPU.Build.0 = Debug|Any CPU
		{D0166C2E-AAD3-4EB5-8F30-F7F0C83640D6}.Release|Any CPU.ActiveCfg = Release|Any CPU
		{D0166C2E-AAD3-4EB5-8F30-F7F0C83640D6}.Release|Any CPU.Build.0 = Release|Any CPU
		{B3B89160-3224-476E-9076-70B500C816CF}.Debug|Any CPU.ActiveCfg = Debug|Any CPU
		{B3B89160-3224-476E-9076-70B500C816CF}.Debug|Any CPU.Build.0 = Debug|Any CPU
		{B3B89160-3224-476E-9076-70B500C816CF}.Release|Any CPU.ActiveCfg = Release|Any CPU
		{B3B89160-3224-476E-9076-70B500C816CF}.Release|Any CPU.Build.0 = Release|Any CPU
	EndGlobalSection
	GlobalSection(SolutionProperties) = preSolution
		HideSolutionNode = FALSE
	EndGlobalSection
EndGlobal
